
Microsoft Visual Studio Solution File, Format Version 12.00
# Visual Studio 15
VisualStudioVersion = 15.0.28010.2041
MinimumVisualStudioVersion = 10.0.40219.1
Project("{FAE04EC0-301F-11D3-BF4B-00C04F79EFBC}") = "Stringer.Android", "Stringer\Stringer.Android\Stringer.Android.csproj", "{0B2B3996-4A08-4248-B813-1E4CBDBFB2C7}"
EndProject
Project("{FAE04EC0-301F-11D3-BF4B-00C04F79EFBC}") = "Stringer.iOS", "Stringer\Stringer.iOS\Stringer.iOS.csproj", "{94F0B2F4-2214-4B8D-B74E-F28B1E996E92}"
EndProject
Project("{FAE04EC0-301F-11D3-BF4B-00C04F79EFBC}") = "Stringer", "Stringer\Stringer\Stringer.csproj", "{5280E069-D4C2-4AA4-BBCB-89D577FFB79C}"
EndProject
Global
	GlobalSection(SolutionConfigurationPlatforms) = preSolution
		Ad-Hoc|Any CPU = Ad-Hoc|Any CPU
		Ad-Hoc|iPhone = Ad-Hoc|iPhone
		Ad-Hoc|iPhoneSimulator = Ad-Hoc|iPhoneSimulator
		AppStore|Any CPU = AppStore|Any CPU
		AppStore|iPhone = AppStore|iPhone
		AppStore|iPhoneSimulator = AppStore|iPhoneSimulator
		Debug|Any CPU = Debug|Any CPU
		Debug|iPhone = Debug|iPhone
		Debug|iPhoneSimulator = Debug|iPhoneSimulator
		Release|Any CPU = Release|Any CPU
		Release|iPhone = Release|iPhone
		Release|iPhoneSimulator = Release|iPhoneSimulator
	EndGlobalSection
	GlobalSection(ProjectConfigurationPlatforms) = postSolution
		{0B2B3996-4A08-4248-B813-1E4CBDBFB2C7}.Ad-Hoc|Any CPU.ActiveCfg = Release|Any CPU
		{0B2B3996-4A08-4248-B813-1E4CBDBFB2C7}.Ad-Hoc|Any CPU.Build.0 = Release|Any CPU
		{0B2B3996-4A08-4248-B813-1E4CBDBFB2C7}.Ad-Hoc|Any CPU.Deploy.0 = Release|Any CPU
		{0B2B3996-4A08-4248-B813-1E4CBDBFB2C7}.Ad-Hoc|iPhone.ActiveCfg = Release|Any CPU
		{0B2B3996-4A08-4248-B813-1E4CBDBFB2C7}.Ad-Hoc|iPhone.Build.0 = Release|Any CPU
		{0B2B3996-4A08-4248-B813-1E4CBDBFB2C7}.Ad-Hoc|iPhone.Deploy.0 = Release|Any CPU
		{0B2B3996-4A08-4248-B813-1E4CBDBFB2C7}.Ad-Hoc|iPhoneSimulator.ActiveCfg = Release|Any CPU
		{0B2B3996-4A08-4248-B813-1E4CBDBFB2C7}.Ad-Hoc|iPhoneSimulator.Build.0 = Release|Any CPU
		{0B2B3996-4A08-4248-B813-1E4CBDBFB2C7}.Ad-Hoc|iPhoneSimulator.Deploy.0 = Release|Any CPU
		{0B2B3996-4A08-4248-B813-1E4CBDBFB2C7}.AppStore|Any CPU.ActiveCfg = Release|Any CPU
		{0B2B3996-4A08-4248-B813-1E4CBDBFB2C7}.AppStore|Any CPU.Build.0 = Release|Any CPU
		{0B2B3996-4A08-4248-B813-1E4CBDBFB2C7}.AppStore|Any CPU.Deploy.0 = Release|Any CPU
		{0B2B3996-4A08-4248-B813-1E4CBDBFB2C7}.AppStore|iPhone.ActiveCfg = Release|Any CPU
		{0B2B3996-4A08-4248-B813-1E4CBDBFB2C7}.AppStore|iPhone.Build.0 = Release|Any CPU
		{0B2B3996-4A08-4248-B813-1E4CBDBFB2C7}.AppStore|iPhone.Deploy.0 = Release|Any CPU
		{0B2B3996-4A08-4248-B813-1E4CBDBFB2C7}.AppStore|iPhoneSimulator.ActiveCfg = Release|Any CPU
		{0B2B3996-4A08-4248-B813-1E4CBDBFB2C7}.AppStore|iPhoneSimulator.Build.0 = Release|Any CPU
		{0B2B3996-4A08-4248-B813-1E4CBDBFB2C7}.AppStore|iPhoneSimulator.Deploy.0 = Release|Any CPU
		{0B2B3996-4A08-4248-B813-1E4CBDBFB2C7}.Debug|Any CPU.ActiveCfg = Debug|Any CPU
		{0B2B3996-4A08-4248-B813-1E4CBDBFB2C7}.Debug|Any CPU.Build.0 = Debug|Any CPU
		{0B2B3996-4A08-4248-B813-1E4CBDBFB2C7}.Debug|Any CPU.Deploy.0 = Debug|Any CPU
		{0B2B3996-4A08-4248-B813-1E4CBDBFB2C7}.Debug|iPhone.ActiveCfg = Debug|Any CPU
		{0B2B3996-4A08-4248-B813-1E4CBDBFB2C7}.Debug|iPhone.Build.0 = Debug|Any CPU
		{0B2B3996-4A08-4248-B813-1E4CBDBFB2C7}.Debug|iPhone.Deploy.0 = Debug|Any CPU
		{0B2B3996-4A08-4248-B813-1E4CBDBFB2C7}.Debug|iPhoneSimulator.ActiveCfg = Debug|Any CPU
		{0B2B3996-4A08-4248-B813-1E4CBDBFB2C7}.Debug|iPhoneSimulator.Build.0 = Debug|Any CPU
		{0B2B3996-4A08-4248-B813-1E4CBDBFB2C7}.Debug|iPhoneSimulator.Deploy.0 = Debug|Any CPU
		{0B2B3996-4A08-4248-B813-1E4CBDBFB2C7}.Release|Any CPU.ActiveCfg = Release|Any CPU
		{0B2B3996-4A08-4248-B813-1E4CBDBFB2C7}.Release|Any CPU.Build.0 = Release|Any CPU
		{0B2B3996-4A08-4248-B813-1E4CBDBFB2C7}.Release|Any CPU.Deploy.0 = Release|Any CPU
		{0B2B3996-4A08-4248-B813-1E4CBDBFB2C7}.Release|iPhone.ActiveCfg = Release|Any CPU
		{0B2B3996-4A08-4248-B813-1E4CBDBFB2C7}.Release|iPhone.Build.0 = Release|Any CPU
		{0B2B3996-4A08-4248-B813-1E4CBDBFB2C7}.Release|iPhone.Deploy.0 = Release|Any CPU
		{0B2B3996-4A08-4248-B813-1E4CBDBFB2C7}.Release|iPhoneSimulator.ActiveCfg = Release|Any CPU
		{0B2B3996-4A08-4248-B813-1E4CBDBFB2C7}.Release|iPhoneSimulator.Build.0 = Release|Any CPU
		{0B2B3996-4A08-4248-B813-1E4CBDBFB2C7}.Release|iPhoneSimulator.Deploy.0 = Release|Any CPU
		{94F0B2F4-2214-4B8D-B74E-F28B1E996E92}.Ad-Hoc|Any CPU.ActiveCfg = Ad-Hoc|iPhone
		{94F0B2F4-2214-4B8D-B74E-F28B1E996E92}.Ad-Hoc|Any CPU.Build.0 = Ad-Hoc|iPhone
		{94F0B2F4-2214-4B8D-B74E-F28B1E996E92}.Ad-Hoc|Any CPU.Deploy.0 = Ad-Hoc|iPhone
		{94F0B2F4-2214-4B8D-B74E-F28B1E996E92}.Ad-Hoc|iPhone.ActiveCfg = Ad-Hoc|iPhone
		{94F0B2F4-2214-4B8D-B74E-F28B1E996E92}.Ad-Hoc|iPhone.Build.0 = Ad-Hoc|iPhone
		{94F0B2F4-2214-4B8D-B74E-F28B1E996E92}.Ad-Hoc|iPhone.Deploy.0 = Ad-Hoc|iPhone
		{94F0B2F4-2214-4B8D-B74E-F28B1E996E92}.Ad-Hoc|iPhoneSimulator.ActiveCfg = Ad-Hoc|iPhoneSimulator
		{94F0B2F4-2214-4B8D-B74E-F28B1E996E92}.Ad-Hoc|iPhoneSimulator.Build.0 = Ad-Hoc|iPhoneSimulator
		{94F0B2F4-2214-4B8D-B74E-F28B1E996E92}.Ad-Hoc|iPhoneSimulator.Deploy.0 = Ad-Hoc|iPhoneSimulator
		{94F0B2F4-2214-4B8D-B74E-F28B1E996E92}.AppStore|Any CPU.ActiveCfg = AppStore|iPhone
		{94F0B2F4-2214-4B8D-B74E-F28B1E996E92}.AppStore|Any CPU.Build.0 = AppStore|iPhone
		{94F0B2F4-2214-4B8D-B74E-F28B1E996E92}.AppStore|Any CPU.Deploy.0 = AppStore|iPhone
		{94F0B2F4-2214-4B8D-B74E-F28B1E996E92}.AppStore|iPhone.ActiveCfg = AppStore|iPhone
		{94F0B2F4-2214-4B8D-B74E-F28B1E996E92}.AppStore|iPhone.Build.0 = AppStore|iPhone
		{94F0B2F4-2214-4B8D-B74E-F28B1E996E92}.AppStore|iPhone.Deploy.0 = AppStore|iPhone
		{94F0B2F4-2214-4B8D-B74E-F28B1E996E92}.AppStore|iPhoneSimulator.ActiveCfg = AppStore|iPhoneSimulator
		{94F0B2F4-2214-4B8D-B74E-F28B1E996E92}.AppStore|iPhoneSimulator.Build.0 = AppStore|iPhoneSimulator
		{94F0B2F4-2214-4B8D-B74E-F28B1E996E92}.AppStore|iPhoneSimulator.Deploy.0 = AppStore|iPhoneSimulator
		{94F0B2F4-2214-4B8D-B74E-F28B1E996E92}.Debug|Any CPU.ActiveCfg = Debug|iPhoneSimulator
		{94F0B2F4-2214-4B8D-B74E-F28B1E996E92}.Debug|Any CPU.Build.0 = Debug|iPhoneSimulator
		{94F0B2F4-2214-4B8D-B74E-F28B1E996E92}.Debug|Any CPU.Deploy.0 = Debug|iPhoneSimulator
		{94F0B2F4-2214-4B8D-B74E-F28B1E996E92}.Debug|iPhone.ActiveCfg = Debug|iPhone
		{94F0B2F4-2214-4B8D-B74E-F28B1E996E92}.Debug|iPhone.Build.0 = Debug|iPhone
		{94F0B2F4-2214-4B8D-B74E-F28B1E996E92}.Debug|iPhone.Deploy.0 = Debug|iPhone
		{94F0B2F4-2214-4B8D-B74E-F28B1E996E92}.Debug|iPhoneSimulator.ActiveCfg = Debug|iPhoneSimulator
		{94F0B2F4-2214-4B8D-B74E-F28B1E996E92}.Debug|iPhoneSimulator.Build.0 = Debug|iPhoneSimulator
		{94F0B2F4-2214-4B8D-B74E-F28B1E996E92}.Debug|iPhoneSimulator.Deploy.0 = Debug|iPhoneSimulator
		{94F0B2F4-2214-4B8D-B74E-F28B1E996E92}.Release|Any CPU.ActiveCfg = Release|iPhone
		{94F0B2F4-2214-4B8D-B74E-F28B1E996E92}.Release|Any CPU.Build.0 = Release|iPhone
		{94F0B2F4-2214-4B8D-B74E-F28B1E996E92}.Release|Any CPU.Deploy.0 = Release|iPhone
		{94F0B2F4-2214-4B8D-B74E-F28B1E996E92}.Release|iPhone.ActiveCfg = Release|iPhone
		{94F0B2F4-2214-4B8D-B74E-F28B1E996E92}.Release|iPhone.Build.0 = Release|iPhone
		{94F0B2F4-2214-4B8D-B74E-F28B1E996E92}.Release|iPhone.Deploy.0 = Release|iPhone
		{94F0B2F4-2214-4B8D-B74E-F28B1E996E92}.Release|iPhoneSimulator.ActiveCfg = Release|iPhoneSimulator
		{94F0B2F4-2214-4B8D-B74E-F28B1E996E92}.Release|iPhoneSimulator.Build.0 = Release|iPhoneSimulator
		{94F0B2F4-2214-4B8D-B74E-F28B1E996E92}.Release|iPhoneSimulator.Deploy.0 = Release|iPhoneSimulator
		{5280E069-D4C2-4AA4-BBCB-89D577FFB79C}.Ad-Hoc|Any CPU.ActiveCfg = Debug|Any CPU
		{5280E069-D4C2-4AA4-BBCB-89D577FFB79C}.Ad-Hoc|Any CPU.Build.0 = Debug|Any CPU
		{5280E069-D4C2-4AA4-BBCB-89D577FFB79C}.Ad-Hoc|Any CPU.Deploy.0 = Debug|Any CPU
		{5280E069-D4C2-4AA4-BBCB-89D577FFB79C}.Ad-Hoc|iPhone.ActiveCfg = Debug|Any CPU
		{5280E069-D4C2-4AA4-BBCB-89D577FFB79C}.Ad-Hoc|iPhone.Build.0 = Debug|Any CPU
		{5280E069-D4C2-4AA4-BBCB-89D577FFB79C}.Ad-Hoc|iPhone.Deploy.0 = Debug|Any CPU
		{5280E069-D4C2-4AA4-BBCB-89D577FFB79C}.Ad-Hoc|iPhoneSimulator.ActiveCfg = Debug|Any CPU
		{5280E069-D4C2-4AA4-BBCB-89D577FFB79C}.Ad-Hoc|iPhoneSimulator.Build.0 = Debug|Any CPU
		{5280E069-D4C2-4AA4-BBCB-89D577FFB79C}.Ad-Hoc|iPhoneSimulator.Deploy.0 = Debug|Any CPU
		{5280E069-D4C2-4AA4-BBCB-89D577FFB79C}.AppStore|Any CPU.ActiveCfg = Debug|Any CPU
		{5280E069-D4C2-4AA4-BBCB-89D577FFB79C}.AppStore|Any CPU.Build.0 = Debug|Any CPU
		{5280E069-D4C2-4AA4-BBCB-89D577FFB79C}.AppStore|Any CPU.Deploy.0 = Debug|Any CPU
		{5280E069-D4C2-4AA4-BBCB-89D577FFB79C}.AppStore|iPhone.ActiveCfg = Debug|Any CPU
		{5280E069-D4C2-4AA4-BBCB-89D577FFB79C}.AppStore|iPhone.Build.0 = Debug|Any CPU
		{5280E069-D4C2-4AA4-BBCB-89D577FFB79C}.AppStore|iPhone.Deploy.0 = Debug|Any CPU
		{5280E069-D4C2-4AA4-BBCB-89D577FFB79C}.AppStore|iPhoneSimulator.ActiveCfg = Debug|Any CPU
		{5280E069-D4C2-4AA4-BBCB-89D577FFB79C}.AppStore|iPhoneSimulator.Build.0 = Debug|Any CPU
		{5280E069-D4C2-4AA4-BBCB-89D577FFB79C}.AppStore|iPhoneSimulator.Deploy.0 = Debug|Any CPU
		{5280E069-D4C2-4AA4-BBCB-89D577FFB79C}.Debug|Any CPU.ActiveCfg = Debug|Any CPU
		{5280E069-D4C2-4AA4-BBCB-89D577FFB79C}.Debug|Any CPU.Build.0 = Debug|Any CPU
		{5280E069-D4C2-4AA4-BBCB-89D577FFB79C}.Debug|Any CPU.Deploy.0 = Debug|Any CPU
		{5280E069-D4C2-4AA4-BBCB-89D577FFB79C}.Debug|iPhone.ActiveCfg = Debug|Any CPU
		{5280E069-D4C2-4AA4-BBCB-89D577FFB79C}.Debug|iPhone.Build.0 = Debug|Any CPU
		{5280E069-D4C2-4AA4-BBCB-89D577FFB79C}.Debug|iPhone.Deploy.0 = Debug|Any CPU
		{5280E069-D4C2-4AA4-BBCB-89D577FFB79C}.Debug|iPhoneSimulator.ActiveCfg = Debug|Any CPU
		{5280E069-D4C2-4AA4-BBCB-89D577FFB79C}.Debug|iPhoneSimulator.Build.0 = Debug|Any CPU
		{5280E069-D4C2-4AA4-BBCB-89D577FFB79C}.Debug|iPhoneSimulator.Deploy.0 = Debug|Any CPU
		{5280E069-D4C2-4AA4-BBCB-89D577FFB79C}.Release|Any CPU.ActiveCfg = Release|Any CPU
		{5280E069-D4C2-4AA4-BBCB-89D577FFB79C}.Release|Any CPU.Build.0 = Release|Any CPU
		{5280E069-D4C2-4AA4-BBCB-89D577FFB79C}.Release|Any CPU.Deploy.0 = Release|Any CPU
		{5280E069-D4C2-4AA4-BBCB-89D577FFB79C}.Release|iPhone.ActiveCfg = Release|Any CPU
		{5280E069-D4C2-4AA4-BBCB-89D577FFB79C}.Release|iPhone.Build.0 = Release|Any CPU
		{5280E069-D4C2-4AA4-BBCB-89D577FFB79C}.Release|iPhone.Deploy.0 = Release|Any CPU
		{5280E069-D4C2-4AA4-BBCB-89D577FFB79C}.Release|iPhoneSimulator.ActiveCfg = Release|Any CPU
		{5280E069-D4C2-4AA4-BBCB-89D577FFB79C}.Release|iPhoneSimulator.Build.0 = Release|Any CPU
		{5280E069-D4C2-4AA4-BBCB-89D577FFB79C}.Release|iPhoneSimulator.Deploy.0 = Release|Any CPU
	EndGlobalSection
	GlobalSection(SolutionProperties) = preSolution
		HideSolutionNode = FALSE
	EndGlobalSection
	GlobalSection(ExtensibilityGlobals) = postSolution
		SolutionGuid = {E8D696AE-F2E3-4E13-B180-B51B19C4A87F}
	EndGlobalSection
EndGlobal
